// !$*UTF8*$!
{
	archiveVersion = 1;
	classes = {
	};
	objectVersion = 55;
	objects = {

/* Begin PBXBuildFile section */
		C2987C31283D47B4007BBE16 /* AppDelegate.swift in Sources */ = {isa = PBXBuildFile; fileRef = C2987C30283D47B4007BBE16 /* AppDelegate.swift */; };
		C2987C33283D47B4007BBE16 /* SceneDelegate.swift in Sources */ = {isa = PBXBuildFile; fileRef = C2987C32283D47B4007BBE16 /* SceneDelegate.swift */; };
		C2987C35283D47B4007BBE16 /* ViewController.swift in Sources */ = {isa = PBXBuildFile; fileRef = C2987C34283D47B4007BBE16 /* ViewController.swift */; };
		C2987C38283D47B4007BBE16 /* Main.storyboard in Resources */ = {isa = PBXBuildFile; fileRef = C2987C36283D47B4007BBE16 /* Main.storyboard */; };
		C2987C3A283D47B5007BBE16 /* Assets.xcassets in Resources */ = {isa = PBXBuildFile; fileRef = C2987C39283D47B5007BBE16 /* Assets.xcassets */; };
		C2987C3D283D47B5007BBE16 /* LaunchScreen.storyboard in Resources */ = {isa = PBXBuildFile; fileRef = C2987C3B283D47B5007BBE16 /* LaunchScreen.storyboard */; };
		C2987C48283D47B5007BBE16 /* currencyappTests.swift in Sources */ = {isa = PBXBuildFile; fileRef = C2987C47283D47B5007BBE16 /* currencyappTests.swift */; };
		C2987C52283D47B5007BBE16 /* currencyappUITests.swift in Sources */ = {isa = PBXBuildFile; fileRef = C2987C51283D47B5007BBE16 /* currencyappUITests.swift */; };
		C2987C54283D47B5007BBE16 /* currencyappUITestsLaunchTests.swift in Sources */ = {isa = PBXBuildFile; fileRef = C2987C53283D47B5007BBE16 /* currencyappUITestsLaunchTests.swift */; };
		C2987C61283D4913007BBE16 /* CryptoTableViewCell.swift in Sources */ = {isa = PBXBuildFile; fileRef = C2987C60283D4913007BBE16 /* CryptoTableViewCell.swift */; };
		C2987C67283D4F40007BBE16 /* CryptoModel.swift in Sources */ = {isa = PBXBuildFile; fileRef = C2987C66283D4F40007BBE16 /* CryptoModel.swift */; };
		C2987C69283D53BD007BBE16 /* crytoservice.swift in Sources */ = {isa = PBXBuildFile; fileRef = C2987C68283D53BD007BBE16 /* crytoservice.swift */; };
		C2987C6B283D5E84007BBE16 /* cryptoviewmodelsshow.swift in Sources */ = {isa = PBXBuildFile; fileRef = C2987C6A283D5E84007BBE16 /* cryptoviewmodelsshow.swift */; };
/* End PBXBuildFile section */

/* Begin PBXContainerItemProxy section */
		C2987C44283D47B5007BBE16 /* PBXContainerItemProxy */ = {
			isa = PBXContainerItemProxy;
			containerPortal = C2987C25283D47B4007BBE16 /* Project object */;
			proxyType = 1;
			remoteGlobalIDString = C2987C2C283D47B4007BBE16;
			remoteInfo = currencyapp;
		};
		C2987C4E283D47B5007BBE16 /* PBXContainerItemProxy */ = {
			isa = PBXContainerItemProxy;
			containerPortal = C2987C25283D47B4007BBE16 /* Project object */;
			proxyType = 1;
			remoteGlobalIDString = C2987C2C283D47B4007BBE16;
			remoteInfo = currencyapp;
		};
/* End PBXContainerItemProxy section */

/* Begin PBXFileReference section */
		C2987C2D283D47B4007BBE16 /* currencyapp.app */ = {isa = PBXFileReference; explicitFileType = wrapper.application; includeInIndex = 0; path = currencyapp.app; sourceTree = BUILT_PRODUCTS_DIR; };
		C2987C30283D47B4007BBE16 /* AppDelegate.swift */ = {isa = PBXFileReference; lastKnownFileType = sourcecode.swift; path = AppDelegate.swift; sourceTree = "<group>"; };
		C2987C32283D47B4007BBE16 /* SceneDelegate.swift */ = {isa = PBXFileReference; lastKnownFileType = sourcecode.swift; path = SceneDelegate.swift; sourceTree = "<group>"; };
		C2987C34283D47B4007BBE16 /* ViewController.swift */ = {isa = PBXFileReference; lastKnownFileType = sourcecode.swift; path = ViewController.swift; sourceTree = "<group>"; };
		C2987C37283D47B4007BBE16 /* Base */ = {isa = PBXFileReference; lastKnownFileType = file.storyboard; name = Base; path = Base.lproj/Main.storyboard; sourceTree = "<group>"; };
		C2987C39283D47B5007BBE16 /* Assets.xcassets */ = {isa = PBXFileReference; lastKnownFileType = folder.assetcatalog; path = Assets.xcassets; sourceTree = "<group>"; };
		C2987C3C283D47B5007BBE16 /* Base */ = {isa = PBXFileReference; lastKnownFileType = file.storyboard; name = Base; path = Base.lproj/LaunchScreen.storyboard; sourceTree = "<group>"; };
		C2987C3E283D47B5007BBE16 /* Info.plist */ = {isa = PBXFileReference; lastKnownFileType = text.plist.xml; path = Info.plist; sourceTree = "<group>"; };
		C2987C43283D47B5007BBE16 /* currencyappTests.xctest */ = {isa = PBXFileReference; explicitFileType = wrapper.cfbundle; includeInIndex = 0; path = currencyappTests.xctest; sourceTree = BUILT_PRODUCTS_DIR; };
		C2987C47283D47B5007BBE16 /* currencyappTests.swift */ = {isa = PBXFileReference; lastKnownFileType = sourcecode.swift; path = currencyappTests.swift; sourceTree = "<group>"; };
		C2987C4D283D47B5007BBE16 /* currencyappUITests.xctest */ = {isa = PBXFileReference; explicitFileType = wrapper.cfbundle; includeInIndex = 0; path = currencyappUITests.xctest; sourceTree = BUILT_PRODUCTS_DIR; };
		C2987C51283D47B5007BBE16 /* currencyappUITests.swift */ = {isa = PBXFileReference; lastKnownFileType = sourcecode.swift; path = currencyappUITests.swift; sourceTree = "<group>"; };
		C2987C53283D47B5007BBE16 /* currencyappUITestsLaunchTests.swift */ = {isa = PBXFileReference; lastKnownFileType = sourcecode.swift; path = currencyappUITestsLaunchTests.swift; sourceTree = "<group>"; };
		C2987C60283D4913007BBE16 /* CryptoTableViewCell.swift */ = {isa = PBXFileReference; lastKnownFileType = sourcecode.swift; path = CryptoTableViewCell.swift; sourceTree = "<group>"; };
		C2987C66283D4F40007BBE16 /* CryptoModel.swift */ = {isa = PBXFileReference; lastKnownFileType = sourcecode.swift; path = CryptoModel.swift; sourceTree = "<group>"; };
		C2987C68283D53BD007BBE16 /* crytoservice.swift */ = {isa = PBXFileReference; lastKnownFileType = sourcecode.swift; path = crytoservice.swift; sourceTree = "<group>"; };
		C2987C6A283D5E84007BBE16 /* cryptoviewmodelsshow.swift */ = {isa = PBXFileReference; lastKnownFileType = sourcecode.swift; path = cryptoviewmodelsshow.swift; sourceTree = "<group>"; };
/* End PBXFileReference section */

/* Begin PBXFrameworksBuildPhase section */
		C2987C2A283D47B4007BBE16 /* Frameworks */ = {
			isa = PBXFrameworksBuildPhase;
			buildActionMask = 2147483647;
			files = (
			);
			runOnlyForDeploymentPostprocessing = 0;
		};
		C2987C40283D47B5007BBE16 /* Frameworks */ = {
			isa = PBXFrameworksBuildPhase;
			buildActionMask = 2147483647;
			files = (
			);
			runOnlyForDeploymentPostprocessing = 0;
		};
		C2987C4A283D47B5007BBE16 /* Frameworks */ = {
			isa = PBXFrameworksBuildPhase;
			buildActionMask = 2147483647;
			files = (
			);
			runOnlyForDeploymentPostprocessing = 0;
		};
/* End PBXFrameworksBuildPhase section */

/* Begin PBXGroup section */
		C2987C24283D47B4007BBE16 = {
			isa = PBXGroup;
			children = (
				C2987C2F283D47B4007BBE16 /* currencyapp */,
				C2987C46283D47B5007BBE16 /* currencyappTests */,
				C2987C50283D47B5007BBE16 /* currencyappUITests */,
				C2987C2E283D47B4007BBE16 /* Products */,
			);
			sourceTree = "<group>";
		};
		C2987C2E283D47B4007BBE16 /* Products */ = {
			isa = PBXGroup;
			children = (
				C2987C2D283D47B4007BBE16 /* currencyapp.app */,
				C2987C43283D47B5007BBE16 /* currencyappTests.xctest */,
				C2987C4D283D47B5007BBE16 /* currencyappUITests.xctest */,
			);
			name = Products;
			sourceTree = "<group>";
		};
		C2987C2F283D47B4007BBE16 /* currencyapp */ = {
			isa = PBXGroup;
			children = (
				C2987C65283D4EF3007BBE16 /* Service */,
				C2987C64283D4EEC007BBE16 /* ViewModel */,
				C2987C63283D4EE3007BBE16 /* Model */,
				C2987C62283D4ED1007BBE16 /* View */,
				C2987C36283D47B4007BBE16 /* Main.storyboard */,
				C2987C39283D47B5007BBE16 /* Assets.xcassets */,
				C2987C3B283D47B5007BBE16 /* LaunchScreen.storyboard */,
				C2987C3E283D47B5007BBE16 /* Info.plist */,
			);
			path = currencyapp;
			sourceTree = "<group>";
		};
		C2987C46283D47B5007BBE16 /* currencyappTests */ = {
			isa = PBXGroup;
			children = (
				C2987C47283D47B5007BBE16 /* currencyappTests.swift */,
			);
			path = currencyappTests;
			sourceTree = "<group>";
		};
		C2987C50283D47B5007BBE16 /* currencyappUITests */ = {
			isa = PBXGroup;
			children = (
				C2987C51283D47B5007BBE16 /* currencyappUITests.swift */,
				C2987C53283D47B5007BBE16 /* currencyappUITestsLaunchTests.swift */,
			);
			path = currencyappUITests;
			sourceTree = "<group>";
		};
		C2987C62283D4ED1007BBE16 /* View */ = {
			isa = PBXGroup;
			children = (
				C2987C30283D47B4007BBE16 /* AppDelegate.swift */,
				C2987C32283D47B4007BBE16 /* SceneDelegate.swift */,
				C2987C34283D47B4007BBE16 /* ViewController.swift */,
				C2987C60283D4913007BBE16 /* CryptoTableViewCell.swift */,
			);
			path = View;
			sourceTree = "<group>";
		};
		C2987C63283D4EE3007BBE16 /* Model */ = {
			isa = PBXGroup;
			children = (
				C2987C66283D4F40007BBE16 /* CryptoModel.swift */,
			);
			path = Model;
			sourceTree = "<group>";
		};
		C2987C64283D4EEC007BBE16 /* ViewModel */ = {
			isa = PBXGroup;
			children = (
				C2987C6A283D5E84007BBE16 /* cryptoviewmodelsshow.swift */,
			);
			path = ViewModel;
			sourceTree = "<group>";
		};
		C2987C65283D4EF3007BBE16 /* Service */ = {
			isa = PBXGroup;
			children = (
				C2987C68283D53BD007BBE16 /* crytoservice.swift */,
			);
			path = Service;
			sourceTree = "<group>";
		};
/* End PBXGroup section */

/* Begin PBXNativeTarget section */
		C2987C2C283D47B4007BBE16 /* currencyapp */ = {
			isa = PBXNativeTarget;
			buildConfigurationList = C2987C57283D47B5007BBE16 /* Build configuration list for PBXNativeTarget "currencyapp" */;
			buildPhases = (
				C2987C29283D47B4007BBE16 /* Sources */,
				C2987C2A283D47B4007BBE16 /* Frameworks */,
				C2987C2B283D47B4007BBE16 /* Resources */,
			);
			buildRules = (
			);
			dependencies = (
			);
			name = currencyapp;
			productName = currencyapp;
			productReference = C2987C2D283D47B4007BBE16 /* currencyapp.app */;
			productType = "com.apple.product-type.application";
		};
		C2987C42283D47B5007BBE16 /* currencyappTests */ = {
			isa = PBXNativeTarget;
			buildConfigurationList = C2987C5A283D47B5007BBE16 /* Build configuration list for PBXNativeTarget "currencyappTests" */;
			buildPhases = (
				C2987C3F283D47B5007BBE16 /* Sources */,
				C2987C40283D47B5007BBE16 /* Frameworks */,
				C2987C41283D47B5007BBE16 /* Resources */,
			);
			buildRules = (
			);
			dependencies = (
				C2987C45283D47B5007BBE16 /* PBXTargetDependency */,
			);
			name = currencyappTests;
			productName = currencyappTests;
			productReference = C2987C43283D47B5007BBE16 /* currencyappTests.xctest */;
			productType = "com.apple.product-type.bundle.unit-test";
		};
		C2987C4C283D47B5007BBE16 /* currencyappUITests */ = {
			isa = PBXNativeTarget;
			buildConfigurationList = C2987C5D283D47B5007BBE16 /* Build configuration list for PBXNativeTarget "currencyappUITests" */;
			buildPhases = (
				C2987C49283D47B5007BBE16 /* Sources */,
				C2987C4A283D47B5007BBE16 /* Frameworks */,
				C2987C4B283D47B5007BBE16 /* Resources */,
			);
			buildRules = (
			);
			dependencies = (
				C2987C4F283D47B5007BBE16 /* PBXTargetDependency */,
			);
			name = currencyappUITests;
			productName = currencyappUITests;
			productReference = C2987C4D283D47B5007BBE16 /* currencyappUITests.xctest */;
			productType = "com.apple.product-type.bundle.ui-testing";
		};
/* End PBXNativeTarget section */

/* Begin PBXProject section */
		C2987C25283D47B4007BBE16 /* Project object */ = {
			isa = PBXProject;
			attributes = {
				BuildIndependentTargetsInParallel = 1;
				LastSwiftUpdateCheck = 1340;
				LastUpgradeCheck = 1340;
				TargetAttributes = {
					C2987C2C283D47B4007BBE16 = {
						CreatedOnToolsVersion = 13.4;
					};
					C2987C42283D47B5007BBE16 = {
						CreatedOnToolsVersion = 13.4;
						TestTargetID = C2987C2C283D47B4007BBE16;
					};
					C2987C4C283D47B5007BBE16 = {
						CreatedOnToolsVersion = 13.4;
						TestTargetID = C2987C2C283D47B4007BBE16;
					};
				};
			};
			buildConfigurationList = C2987C28283D47B4007BBE16 /* Build configuration list for PBXProject "currencyapp" */;
			compatibilityVersion = "Xcode 13.0";
			developmentRegion = en;
			hasScannedForEncodings = 0;
			knownRegions = (
				en,
				Base,
			);
			mainGroup = C2987C24283D47B4007BBE16;
			productRefGroup = C2987C2E283D47B4007BBE16 /* Products */;
			projectDirPath = "";
			projectRoot = "";
			targets = (
				C2987C2C283D47B4007BBE16 /* currencyapp */,
				C2987C42283D47B5007BBE16 /* currencyappTests */,
				C2987C4C283D47B5007BBE16 /* currencyappUITests */,
			);
		};
/* End PBXProject section */

/* Begin PBXResourcesBuildPhase section */
		C2987C2B283D47B4007BBE16 /* Resources */ = {
			isa = PBXResourcesBuildPhase;
			buildActionMask = 2147483647;
			files = (
				C2987C3D283D47B5007BBE16 /* LaunchScreen.storyboard in Resources */,
				C2987C3A283D47B5007BBE16 /* Assets.xcassets in Resources */,
				C2987C38283D47B4007BBE16 /* Main.storyboard in Resources */,
			);
			runOnlyForDeploymentPostprocessing = 0;
		};
		C2987C41283D47B5007BBE16 /* Resources */ = {
			isa = PBXResourcesBuildPhase;
			buildActionMask = 2147483647;
			files = (
			);
			runOnlyForDeploymentPostprocessing = 0;
		};
		C2987C4B283D47B5007BBE16 /* Resources */ = {
			isa = PBXResourcesBuildPhase;
			buildActionMask = 2147483647;
			files = (
			);
			runOnlyForDeploymentPostprocessing = 0;
		};
/* End PBXResourcesBuildPhase section */

/* Begin PBXSourcesBuildPhase section */
		C2987C29283D47B4007BBE16 /* Sources */ = {
			isa = PBXSourcesBuildPhase;
			buildActionMask = 2147483647;
			files = (
				C2987C61283D4913007BBE16 /* CryptoTableViewCell.swift in Sources */,
				C2987C35283D47B4007BBE16 /* ViewController.swift in Sources */,
				C2987C31283D47B4007BBE16 /* AppDelegate.swift in Sources */,
				C2987C33283D47B4007BBE16 /* SceneDelegate.swift in Sources */,
				C2987C6B283D5E84007BBE16 /* cryptoviewmodelsshow.swift in Sources */,
				C2987C67283D4F40007BBE16 /* CryptoModel.swift in Sources */,
				C2987C69283D53BD007BBE16 /* crytoservice.swift in Sources */,
			);
			runOnlyForDeploymentPostprocessing = 0;
		};
		C2987C3F283D47B5007BBE16 /* Sources */ = {
			isa = PBXSourcesBuildPhase;
			buildActionMask = 2147483647;
			files = (
				C2987C48283D47B5007BBE16 /* currencyappTests.swift in Sources */,
			);
			runOnlyForDeploymentPostprocessing = 0;
		};
		C2987C49283D47B5007BBE16 /* Sources */ = {
			isa = PBXSourcesBuildPhase;
			buildActionMask = 2147483647;
			files = (
				C2987C52283D47B5007BBE16 /* currencyappUITests.swift in Sources */,
				C2987C54283D47B5007BBE16 /* currencyappUITestsLaunchTests.swift in Sources */,
			);
			runOnlyForDeploymentPostprocessing = 0;
		};
/* End PBXSourcesBuildPhase section */

/* Begin PBXTargetDependency section */
		C2987C45283D47B5007BBE16 /* PBXTargetDependency */ = {
			isa = PBXTargetDependency;
			target = C2987C2C283D47B4007BBE16 /* currencyapp */;
			targetProxy = C2987C44283D47B5007BBE16 /* PBXContainerItemProxy */;
		};
		C2987C4F283D47B5007BBE16 /* PBXTargetDependency */ = {
			isa = PBXTargetDependency;
			target = C2987C2C283D47B4007BBE16 /* currencyapp */;
			targetProxy = C2987C4E283D47B5007BBE16 /* PBXContainerItemProxy */;
		};
/* End PBXTargetDependency section */

/* Begin PBXVariantGroup section */
		C2987C36283D47B4007BBE16 /* Main.storyboard */ = {
			isa = PBXVariantGroup;
			children = (
				C2987C37283D47B4007BBE16 /* Base */,
			);
			name = Main.storyboard;
			sourceTree = "<group>";
		};
		C2987C3B283D47B5007BBE16 /* LaunchScreen.storyboard */ = {
			isa = PBXVariantGroup;
			children = (
				C2987C3C283D47B5007BBE16 /* Base */,
			);
			name = LaunchScreen.storyboard;
			sourceTree = "<group>";
		};
/* End PBXVariantGroup section */

/* Begin XCBuildConfiguration section */
		C2987C55283D47B5007BBE16 /* Debug */ = {
			isa = XCBuildConfiguration;
			buildSettings = {
				ALWAYS_SEARCH_USER_PATHS = NO;
				CLANG_ANALYZER_NONNULL = YES;
				CLANG_ANALYZER_NUMBER_OBJECT_CONVERSION = YES_AGGRESSIVE;
				CLANG_CXX_LANGUAGE_STANDARD = "gnu++17";
				CLANG_ENABLE_MODULES = YES;
				CLANG_ENABLE_OBJC_ARC = YES;
				CLANG_ENABLE_OBJC_WEAK = YES;
				CLANG_WARN_BLOCK_CAPTURE_AUTORELEASING = YES;
				CLANG_WARN_BOOL_CONVERSION = YES;
				CLANG_WARN_COMMA = YES;
				CLANG_WARN_CONSTANT_CONVERSION = YES;
				CLANG_WARN_DEPRECATED_OBJC_IMPLEMENTATIONS = YES;
				CLANG_WARN_DIRECT_OBJC_ISA_USAGE = YES_ERROR;
				CLANG_WARN_DOCUMENTATION_COMMENTS = YES;
				CLANG_WARN_EMPTY_BODY = YES;
				CLANG_WARN_ENUM_CONVERSION = YES;
				CLANG_WARN_INFINITE_RECURSION = YES;
				CLANG_WARN_INT_CONVERSION = YES;
				CLANG_WARN_NON_LITERAL_NULL_CONVERSION = YES;
				CLANG_WARN_OBJC_IMPLICIT_RETAIN_SELF = YES;
				CLANG_WARN_OBJC_LITERAL_CONVERSION = YES;
				CLANG_WARN_OBJC_ROOT_CLASS = YES_ERROR;
				CLANG_WARN_QUOTED_INCLUDE_IN_FRAMEWORK_HEADER = YES;
				CLANG_WARN_RANGE_LOOP_ANALYSIS = YES;
				CLANG_WARN_STRICT_PROTOTYPES = YES;
				CLANG_WARN_SUSPICIOUS_MOVE = YES;
				CLANG_WARN_UNGUARDED_AVAILABILITY = YES_AGGRESSIVE;
				CLANG_WARN_UNREACHABLE_CODE = YES;
				CLANG_WARN__DUPLICATE_METHOD_MATCH = YES;
				COPY_PHASE_STRIP = NO;
				DEBUG_INFORMATION_FORMAT = dwarf;
				ENABLE_STRICT_OBJC_MSGSEND = YES;
				ENABLE_TESTABILITY = YES;
				GCC_C_LANGUAGE_STANDARD = gnu11;
				GCC_DYNAMIC_NO_PIC = NO;
				GCC_NO_COMMON_BLOCKS = YES;
				GCC_OPTIMIZATION_LEVEL = 0;
				GCC_PREPROCESSOR_DEFINITIONS = (
					"DEBUG=1",
					"$(inherited)",
				);
				GCC_WARN_64_TO_32_BIT_CONVERSION = YES;
				GCC_WARN_ABOUT_RETURN_TYPE = YES_ERROR;
				GCC_WARN_UNDECLARED_SELECTOR = YES;
				GCC_WARN_UNINITIALIZED_AUTOS = YES_AGGRESSIVE;
				GCC_WARN_UNUSED_FUNCTION = YES;
				GCC_WARN_UNUSED_VARIABLE = YES;
				IPHONEOS_DEPLOYMENT_TARGET = 15.4;
				MTL_ENABLE_DEBUG_INFO = INCLUDE_SOURCE;
				MTL_FAST_MATH = YES;
				ONLY_ACTIVE_ARCH = YES;
				SDKROOT = iphoneos;
				SWIFT_ACTIVE_COMPILATION_CONDITIONS = DEBUG;
				SWIFT_OPTIMIZATION_LEVEL = "-Onone";
			};
			name = Debug;
		};
		C2987C56283D47B5007BBE16 /* Release */ = {
			isa = XCBuildConfiguration;
			buildSettings = {
				ALWAYS_SEARCH_USER_PATHS = NO;
				CLANG_ANALYZER_NONNULL = YES;
				CLANG_ANALYZER_NUMBER_OBJECT_CONVERSION = YES_AGGRESSIVE;
				CLANG_CXX_LANGUAGE_STANDARD = "gnu++17";
				CLANG_ENABLE_MODULES = YES;
				CLANG_ENABLE_OBJC_ARC = YES;
				CLANG_ENABLE_OBJC_WEAK = YES;
				CLANG_WARN_BLOCK_CAPTURE_AUTORELEASING = YES;
				CLANG_WARN_BOOL_CONVERSION = YES;
				CLANG_WARN_COMMA = YES;
				CLANG_WARN_CONSTANT_CONVERSION = YES;
				CLANG_WARN_DEPRECATED_OBJC_IMPLEMENTATIONS = YES;
				CLANG_WARN_DIRECT_OBJC_ISA_USAGE = YES_ERROR;
				CLANG_WARN_DOCUMENTATION_COMMENTS = YES;
				CLANG_WARN_EMPTY_BODY = YES;
				CLANG_WARN_ENUM_CONVERSION = YES;
				CLANG_WARN_INFINITE_RECURSION = YES;
				CLANG_WARN_INT_CONVERSION = YES;
				CLANG_WARN_NON_LITERAL_NULL_CONVERSION = YES;
				CLANG_WARN_OBJC_IMPLICIT_RETAIN_SELF = YES;
				CLANG_WARN_OBJC_LITERAL_CONVERSION = YES;
				CLANG_WARN_OBJC_ROOT_CLASS = YES_ERROR;
				CLANG_WARN_QUOTED_INCLUDE_IN_FRAMEWORK_HEADER = YES;
				CLANG_WARN_RANGE_LOOP_ANALYSIS = YES;
				CLANG_WARN_STRICT_PROTOTYPES = YES;
				CLANG_WARN_SUSPICIOUS_MOVE = YES;
				CLANG_WARN_UNGUARDED_AVAILABILITY = YES_AGGRESSIVE;
				CLANG_WARN_UNREACHABLE_CODE = YES;
				CLANG_WARN__DUPLICATE_METHOD_MATCH = YES;
				COPY_PHASE_STRIP = NO;
				DEBUG_INFORMATION_FORMAT = "dwarf-with-dsym";
				ENABLE_NS_ASSERTIONS = NO;
				ENABLE_STRICT_OBJC_MSGSEND = YES;
				GCC_C_LANGUAGE_STANDARD = gnu11;
				GCC_NO_COMMON_BLOCKS = YES;
				GCC_WARN_64_TO_32_BIT_CONVERSION = YES;
				GCC_WARN_ABOUT_RETURN_TYPE = YES_ERROR;
				GCC_WARN_UNDECLARED_SELECTOR = YES;
				GCC_WARN_UNINITIALIZED_AUTOS = YES_AGGRESSIVE;
				GCC_WARN_UNUSED_FUNCTION = YES;
				GCC_WARN_UNUSED_VARIABLE = YES;
				IPHONEOS_DEPLOYMENT_TARGET = 15.4;
				MTL_ENABLE_DEBUG_INFO = NO;
				MTL_FAST_MATH = YES;
				SDKROOT = iphoneos;
				SWIFT_COMPILATION_MODE = wholemodule;
				SWIFT_OPTIMIZATION_LEVEL = "-O";
				VALIDATE_PRODUCT = YES;
			};
			name = Release;
		};
		C2987C58283D47B5007BBE16 /* Debug */ = {
			isa = XCBuildConfiguration;
			buildSettings = {
				ASSETCATALOG_COMPILER_APPICON_NAME = AppIcon;
				ASSETCATALOG_COMPILER_GLOBAL_ACCENT_COLOR_NAME = AccentColor;
				CODE_SIGN_STYLE = Automatic;
				CURRENT_PROJECT_VERSION = 1;
				DEVELOPMENT_TEAM = UAM9WB585K;
				GENERATE_INFOPLIST_FILE = YES;
				INFOPLIST_FILE = currencyapp/Info.plist;
				INFOPLIST_KEY_UIApplicationSupportsIndirectInputEvents = YES;
				INFOPLIST_KEY_UILaunchStoryboardName = LaunchScreen;
				INFOPLIST_KEY_UIMainStoryboardFile = Main;
				INFOPLIST_KEY_UISupportedInterfaceOrientations = UIInterfaceOrientationPortrait;
				INFOPLIST_KEY_UISupportedInterfaceOrientations_iPad = "UIInterfaceOrientationPortrait UIInterfaceOrientationPortraitUpsideDown UIInterfaceOrientationLandscapeLeft UIInterfaceOrientationLandscapeRight";
				INFOPLIST_KEY_UISupportedInterfaceOrientations_iPhone = "UIInterfaceOrientationPortrait UIInterfaceOrientationLandscapeLeft UIInterfaceOrientationLandscapeRight";
				LD_RUNPATH_SEARCH_PATHS = (
					"$(inherited)",
					"@executable_path/Frameworks",
				);
				MARKETING_VERSION = 1.0;
				PRODUCT_BUNDLE_IDENTIFIER = com.furkanyigiter.currencyapp;
				PRODUCT_NAME = "$(TARGET_NAME)";
				SWIFT_EMIT_LOC_STRINGS = YES;
				SWIFT_VERSION = 5.0;
				TARGETED_DEVICE_FAMILY = "1,2";
			};
			name = Debug;
		};
		C2987C59283D47B5007BBE16 /* Release */ = {
			isa = XCBuildConfiguration;
			buildSettings = {
				ASSETCATALOG_COMPILER_APPICON_NAME = AppIcon;
				ASSETCATALOG_COMPILER_GLOBAL_ACCENT_COLOR_NAME = AccentColor;
				CODE_SIGN_STYLE = Automatic;
				CURRENT_PROJECT_VERSION = 1;
				DEVELOPMENT_TEAM = UAM9WB585K;
				GENERATE_INFOPLIST_FILE = YES;
				INFOPLIST_FILE = currencyapp/Info.plist;
				INFOPLIST_KEY_UIApplicationSupportsIndirectInputEvents = YES;
				INFOPLIST_KEY_UILaunchStoryboardName = LaunchScreen;
				INFOPLIST_KEY_UIMainStoryboardFile = Main;
				INFOPLIST_KEY_UISupportedInterfaceOrientations = UIInterfaceOrientationPortrait;
				INFOPLIST_KEY_UISupportedInterfaceOrientations_iPad = "UIInterfaceOrientationPortrait UIInterfaceOrientationPortraitUpsideDown UIInterfaceOrientationLandscapeLeft UIInterfaceOrientationLandscapeRight";
				INFOPLIST_KEY_UISupportedInterfaceOrientations_iPhone = "UIInterfaceOrientationPortrait UIInterfaceOrientationLandscapeLeft UIInterfaceOrientationLandscapeRight";
				LD_RUNPATH_SEARCH_PATHS = (
					"$(inherited)",
					"@executable_path/Frameworks",
				);
				MARKETING_VERSION = 1.0;
				PRODUCT_BUNDLE_IDENTIFIER = com.furkanyigiter.currencyapp;
				PRODUCT_NAME = "$(TARGET_NAME)";
				SWIFT_EMIT_LOC_STRINGS = YES;
				SWIFT_VERSION = 5.0;
				TARGETED_DEVICE_FAMILY = "1,2";
			};
			name = Release;
		};
		C2987C5B283D47B5007BBE16 /* Debug */ = {
			isa = XCBuildConfiguration;
			buildSettings = {
				ALWAYS_EMBED_SWIFT_STANDARD_LIBRARIES = YES;
				BUNDLE_LOADER = "$(TEST_HOST)";
				CODE_SIGN_STYLE = Automatic;
				CURRENT_PROJECT_VERSION = 1;
				DEVELOPMENT_TEAM = UAM9WB585K;
				GENERATE_INFOPLIST_FILE = YES;
				IPHONEOS_DEPLOYMENT_TARGET = 15.5;
				MARKETING_VERSION = 1.0;
				PRODUCT_BUNDLE_IDENTIFIER = com.furkanyigiter.currencyappTests;
				PRODUCT_NAME = "$(TARGET_NAME)";
				SWIFT_EMIT_LOC_STRINGS = NO;
				SWIFT_VERSION = 5.0;
				TARGETED_DEVICE_FAMILY = "1,2";
				TEST_HOST = "$(BUILT_PRODUCTS_DIR)/currencyapp.app/currencyapp";
			};
			name = Debug;
		};
		C2987C5C283D47B5007BBE16 /* Release */ = {
			isa = XCBuildConfiguration;
			buildSettings = {
				ALWAYS_EMBED_SWIFT_STANDARD_LIBRARIES = YES;
				BUNDLE_LOADER = "$(TEST_HOST)";
				CODE_SIGN_STYLE = Automatic;
				CURRENT_PROJECT_VERSION = 1;
				DEVELOPMENT_TEAM = UAM9WB585K;
				GENERATE_INFOPLIST_FILE = YES;
				IPHONEOS_DEPLOYMENT_TARGET = 15.5;
				MARKETING_VERSION = 1.0;
				PRODUCT_BUNDLE_IDENTIFIER = com.furkanyigiter.currencyappTests;
				PRODUCT_NAME = "$(TARGET_NAME)";
				SWIFT_EMIT_LOC_STRINGS = NO;
				SWIFT_VERSION = 5.0;
				TARGETED_DEVICE_FAMILY = "1,2";
				TEST_HOST = "$(BUILT_PRODUCTS_DIR)/currencyapp.app/currencyapp";
			};
			name = Release;
		};
		C2987C5E283D47B5007BBE16 /* Debug */ = {
			isa = XCBuildConfiguration;
			buildSettings = {
				ALWAYS_EMBED_SWIFT_STANDARD_LIBRARIES = YES;
				CODE_SIGN_STYLE = Automatic;
				CURRENT_PROJECT_VERSION = 1;
				DEVELOPMENT_TEAM = UAM9WB585K;
				GENERATE_INFOPLIST_FILE = YES;
				MARKETING_VERSION = 1.0;
				PRODUCT_BUNDLE_IDENTIFIER = com.furkanyigiter.currencyappUITests;
				PRODUCT_NAME = "$(TARGET_NAME)";
				SWIFT_EMIT_LOC_STRINGS = NO;
				SWIFT_VERSION = 5.0;
				TARGETED_DEVICE_FAMILY = "1,2";
				TEST_TARGET_NAME = currencyapp;
			};
			name = Debug;
		};
		C2987C5F283D47B5007BBE16 /* Release */ = {
			isa = XCBuildConfiguration;
			buildSettings = {
				ALWAYS_EMBED_SWIFT_STANDARD_LIBRARIES = YES;
				CODE_SIGN_STYLE = Automatic;
				CURRENT_PROJECT_VERSION = 1;
				DEVELOPMENT_TEAM = UAM9WB585K;
				GENERATE_INFOPLIST_FILE = YES;
				MARKETING_VERSION = 1.0;
				PRODUCT_BUNDLE_IDENTIFIER = com.furkanyigiter.currencyappUITests;
				PRODUCT_NAME = "$(TARGET_NAME)";
				SWIFT_EMIT_LOC_STRINGS = NO;
				SWIFT_VERSION = 5.0;
				TARGETED_DEVICE_FAMILY = "1,2";
				TEST_TARGET_NAME = currencyapp;
			};
			name = Release;
		};
/* End XCBuildConfiguration section */

/* Begin XCConfigurationList section */
		C2987C28283D47B4007BBE16 /* Build configuration list for PBXProject "currencyapp" */ = {
			isa = XCConfigurationList;
			buildConfigurations = (
				C2987C55283D47B5007BBE16 /* Debug */,
				C2987C56283D47B5007BBE16 /* Release */,
			);
			defaultConfigurationIsVisible = 0;
			defaultConfigurationName = Release;
		};
		C2987C57283D47B5007BBE16 /* Build configuration list for PBXNativeTarget "currencyapp" */ = {
			isa = XCConfigurationList;
			buildConfigurations = (
				C2987C58283D47B5007BBE16 /* Debug */,
				C2987C59283D47B5007BBE16 /* Release */,
			);
			defaultConfigurationIsVisible = 0;
			defaultConfigurationName = Release;
		};
		C2987C5A283D47B5007BBE16 /* Build configuration list for PBXNativeTarget "currencyappTests" */ = {
			isa = XCConfigurationList;
			buildConfigurations = (
				C2987C5B283D47B5007BBE16 /* Debug */,
				C2987C5C283D47B5007BBE16 /* Release */,
			);
			defaultConfigurationIsVisible = 0;
			defaultConfigurationName = Release;
		};
		C2987C5D283D47B5007BBE16 /* Build configuration list for PBXNativeTarget "currencyappUITests" */ = {
			isa = XCConfigurationList;
			buildConfigurations = (
				C2987C5E283D47B5007BBE16 /* Debug */,
				C2987C5F283D47B5007BBE16 /* Release */,
			);
			defaultConfigurationIsVisible = 0;
			defaultConfigurationName = Release;
		};
/* End XCConfigurationList section */
	};
	rootObject = C2987C25283D47B4007BBE16 /* Project object */;
}
